
Microsoft Visual Studio Solution File, Format Version 12.00
# Visual Studio Version 16
VisualStudioVersion = 16.0.30611.23
MinimumVisualStudioVersion = 10.0.40219.1
Project("{FAE04EC0-301F-11D3-BF4B-00C04F79EFBC}") = "RentACar.Common", "RentACarCommon\RentACar.Common.csproj", "{AFDCC018-E4A7-403B-897E-F615F2495F49}"
EndProject
Project("{FAE04EC0-301F-11D3-BF4B-00C04F79EFBC}") = "RentACar.Data", "RentACar.Data\RentACar.Data.csproj", "{B823212C-15F5-424A-88C1-223BEA3E104B}"
EndProject
Project("{FAE04EC0-301F-11D3-BF4B-00C04F79EFBC}") = "RentACar.Dto", "RentACar.Dto\RentACar.Dto.csproj", "{C534F11D-B111-4BC4-B8B1-563F8FF42960}"
EndProject
Project("{FAE04EC0-301F-11D3-BF4B-00C04F79EFBC}") = "RentACar.Services", "RentACar.Services\RentACar.Services.csproj", "{7A30A794-0BE3-4CE9-9DF5-6060215A2B95}"
EndProject
Project("{FAE04EC0-301F-11D3-BF4B-00C04F79EFBC}") = "dEneme2", "dEneme2\dEneme2.csproj", "{0AB18DA6-278F-4815-9199-69B58896D7E5}"
EndProject
Global
	GlobalSection(SolutionConfigurationPlatforms) = preSolution
		Debug|Any CPU = Debug|Any CPU
		Release|Any CPU = Release|Any CPU
	EndGlobalSection
	GlobalSection(ProjectConfigurationPlatforms) = postSolution
		{AFDCC018-E4A7-403B-897E-F615F2495F49}.Debug|Any CPU.ActiveCfg = Debug|Any CPU
		{AFDCC018-E4A7-403B-897E-F615F2495F49}.Debug|Any CPU.Build.0 = Debug|Any CPU
		{AFDCC018-E4A7-403B-897E-F615F2495F49}.Release|Any CPU.ActiveCfg = Release|Any CPU
		{AFDCC018-E4A7-403B-897E-F615F2495F49}.Release|Any CPU.Build.0 = Release|Any CPU
		{B823212C-15F5-424A-88C1-223BEA3E104B}.Debug|Any CPU.ActiveCfg = Debug|Any CPU
		{B823212C-15F5-424A-88C1-223BEA3E104B}.Debug|Any CPU.Build.0 = Debug|Any CPU
		{B823212C-15F5-424A-88C1-223BEA3E104B}.Release|Any CPU.ActiveCfg = Release|Any CPU
		{B823212C-15F5-424A-88C1-223BEA3E104B}.Release|Any CPU.Build.0 = Release|Any CPU
		{C534F11D-B111-4BC4-B8B1-563F8FF42960}.Debug|Any CPU.ActiveCfg = Debug|Any CPU
		{C534F11D-B111-4BC4-B8B1-563F8FF42960}.Debug|Any CPU.Build.0 = Debug|Any CPU
		{C534F11D-B111-4BC4-B8B1-563F8FF42960}.Release|Any CPU.ActiveCfg = Release|Any CPU
		{C534F11D-B111-4BC4-B8B1-563F8FF42960}.Release|Any CPU.Build.0 = Release|Any CPU
		{7A30A794-0BE3-4CE9-9DF5-6060215A2B95}.Debug|Any CPU.ActiveCfg = Debug|Any CPU
		{7A30A794-0BE3-4CE9-9DF5-6060215A2B95}.Debug|Any CPU.Build.0 = Debug|Any CPU
		{7A30A794-0BE3-4CE9-9DF5-6060215A2B95}.Release|Any CPU.ActiveCfg = Release|Any CPU
		{7A30A794-0BE3-4CE9-9DF5-6060215A2B95}.Release|Any CPU.Build.0 = Release|Any CPU
		{0AB18DA6-278F-4815-9199-69B58896D7E5}.Debug|Any CPU.ActiveCfg = Debug|Any CPU
		{0AB18DA6-278F-4815-9199-69B58896D7E5}.Debug|Any CPU.Build.0 = Debug|Any CPU
		{0AB18DA6-278F-4815-9199-69B58896D7E5}.Release|Any CPU.ActiveCfg = Release|Any CPU
		{0AB18DA6-278F-4815-9199-69B58896D7E5}.Release|Any CPU.Build.0 = Release|Any CPU
	EndGlobalSection
	GlobalSection(SolutionProperties) = preSolution
		HideSolutionNode = FALSE
	EndGlobalSection
	GlobalSection(ExtensibilityGlobals) = postSolution
		SolutionGuid = {3068A333-52E3-4FF4-995E-5EEB82682B67}
	EndGlobalSection
EndGlobal
